
Microsoft Visual Studio Solution File, Format Version 12.00
# Visual Studio Version 17
VisualStudioVersion = 17.5.33530.505
MinimumVisualStudioVersion = 10.0.40219.1
Project("{FAE04EC0-301F-11D3-BF4B-00C04F79EFBC}") = "Vakcina.API", "Vakcina.API\Vakcina.API.csproj", "{D745ACF7-C642-4BC1-B93D-191319072F8A}"
EndProject
Global
	GlobalSection(SolutionConfigurationPlatforms) = preSolution
		Debug|Any CPU = Debug|Any CPU
		Release|Any CPU = Release|Any CPU
	EndGlobalSection
	GlobalSection(ProjectConfigurationPlatforms) = postSolution
		{D745ACF7-C642-4BC1-B93D-191319072F8A}.Debug|Any CPU.ActiveCfg = Debug|Any CPU
		{D745ACF7-C642-4BC1-B93D-191319072F8A}.Debug|Any CPU.Build.0 = Debug|Any CPU
		{D745ACF7-C642-4BC1-B93D-191319072F8A}.Release|Any CPU.ActiveCfg = Release|Any CPU
		{D745ACF7-C642-4BC1-B93D-191319072F8A}.Release|Any CPU.Build.0 = Release|Any CPU
	EndGlobalSection
	GlobalSection(SolutionProperties) = preSolution
		HideSolutionNode = FALSE
	EndGlobalSection
	GlobalSection(ExtensibilityGlobals) = postSolution
		SolutionGuid = {5901D047-D4DE-4A71-9A75-888370EE6EAB}
	EndGlobalSection
EndGlobal
